// !$*UTF8*$!
{
	archiveVersion = 1;
	classes = {
	};
	objectVersion = 46;
	objects = {

/* Begin PBXBuildFile section */
		78D9A2E51BC4E089009F814D /* main.m in Sources */ = {isa = PBXBuildFile; fileRef = 78D9A2E41BC4E089009F814D /* main.m */; };
		78D9A2E81BC4E089009F814D /* AppDelegate.m in Sources */ = {isa = PBXBuildFile; fileRef = 78D9A2E71BC4E089009F814D /* AppDelegate.m */; };
		78D9A2EB1BC4E089009F814D /* ViewController.m in Sources */ = {isa = PBXBuildFile; fileRef = 78D9A2EA1BC4E089009F814D /* ViewController.m */; };
		78D9A2EE1BC4E089009F814D /* Main.storyboard in Resources */ = {isa = PBXBuildFile; fileRef = 78D9A2EC1BC4E089009F814D /* Main.storyboard */; };
		78D9A2F01BC4E089009F814D /* Assets.xcassets in Resources */ = {isa = PBXBuildFile; fileRef = 78D9A2EF1BC4E089009F814D /* Assets.xcassets */; };
		78D9A2F31BC4E089009F814D /* LaunchScreen.storyboard in Resources */ = {isa = PBXBuildFile; fileRef = 78D9A2F11BC4E089009F814D /* LaunchScreen.storyboard */; };
		78D9A2FE1BC4E089009F814D /* _____Tests.m in Sources */ = {isa = PBXBuildFile; fileRef = 78D9A2FD1BC4E089009F814D /* _____Tests.m */; };
		78D9A3091BC4E089009F814D /* _____UITests.m in Sources */ = {isa = PBXBuildFile; fileRef = 78D9A3081BC4E089009F814D /* _____UITests.m */; };
/* End PBXBuildFile section */

/* Begin PBXContainerItemProxy section */
		78D9A2FA1BC4E089009F814D /* PBXContainerItemProxy */ = {
			isa = PBXContainerItemProxy;
			containerPortal = 78D9A2D81BC4E089009F814D /* Project object */;
			proxyType = 1;
			remoteGlobalIDString = 78D9A2DF1BC4E089009F814D;
			remoteInfo = "代购计算器";
		};
		78D9A3051BC4E089009F814D /* PBXContainerItemProxy */ = {
			isa = PBXContainerItemProxy;
			containerPortal = 78D9A2D81BC4E089009F814D /* Project object */;
			proxyType = 1;
			remoteGlobalIDString = 78D9A2DF1BC4E089009F814D;
			remoteInfo = "代购计算器";
		};
/* End PBXContainerItemProxy section */

/* Begin PBXFileReference section */
		78D9A2E01BC4E089009F814D /* 代购计算器.app */ = {isa = PBXFileReference; explicitFileType = wrapper.application; includeInIndex = 0; path = "代购计算器.app"; sourceTree = BUILT_PRODUCTS_DIR; };
		78D9A2E41BC4E089009F814D /* main.m */ = {isa = PBXFileReference; lastKnownFileType = sourcecode.c.objc; path = main.m; sourceTree = "<group>"; };
		78D9A2E61BC4E089009F814D /* AppDelegate.h */ = {isa = PBXFileReference; lastKnownFileType = sourcecode.c.h; path = AppDelegate.h; sourceTree = "<group>"; };
		78D9A2E71BC4E089009F814D /* AppDelegate.m */ = {isa = PBXFileReference; lastKnownFileType = sourcecode.c.objc; path = AppDelegate.m; sourceTree = "<group>"; };
		78D9A2E91BC4E089009F814D /* ViewController.h */ = {isa = PBXFileReference; lastKnownFileType = sourcecode.c.h; path = ViewController.h; sourceTree = "<group>"; };
		78D9A2EA1BC4E089009F814D /* ViewController.m */ = {isa = PBXFileReference; lastKnownFileType = sourcecode.c.objc; path = ViewController.m; sourceTree = "<group>"; };
		78D9A2ED1BC4E089009F814D /* Base */ = {isa = PBXFileReference; lastKnownFileType = file.storyboard; name = Base; path = Base.lproj/Main.storyboard; sourceTree = "<group>"; };
		78D9A2EF1BC4E089009F814D /* Assets.xcassets */ = {isa = PBXFileReference; lastKnownFileType = folder.assetcatalog; path = Assets.xcassets; sourceTree = "<group>"; };
		78D9A2F21BC4E089009F814D /* Base */ = {isa = PBXFileReference; lastKnownFileType = file.storyboard; name = Base; path = Base.lproj/LaunchScreen.storyboard; sourceTree = "<group>"; };
		78D9A2F41BC4E089009F814D /* Info.plist */ = {isa = PBXFileReference; lastKnownFileType = text.plist.xml; path = Info.plist; sourceTree = "<group>"; };
		78D9A2F91BC4E089009F814D /* 代购计算器Tests.xctest */ = {isa = PBXFileReference; explicitFileType = wrapper.cfbundle; includeInIndex = 0; path = "代购计算器Tests.xctest"; sourceTree = BUILT_PRODUCTS_DIR; };
		78D9A2FD1BC4E089009F814D /* _____Tests.m */ = {isa = PBXFileReference; lastKnownFileType = sourcecode.c.objc; path = "_____Tests.m"; sourceTree = "<group>"; };
		78D9A2FF1BC4E089009F814D /* Info.plist */ = {isa = PBXFileReference; lastKnownFileType = text.plist.xml; path = Info.plist; sourceTree = "<group>"; };
		78D9A3041BC4E089009F814D /* 代购计算器UITests.xctest */ = {isa = PBXFileReference; explicitFileType = wrapper.cfbundle; includeInIndex = 0; path = "代购计算器UITests.xctest"; sourceTree = BUILT_PRODUCTS_DIR; };
		78D9A3081BC4E089009F814D /* _____UITests.m */ = {isa = PBXFileReference; lastKnownFileType = sourcecode.c.objc; path = "_____UITests.m"; sourceTree = "<group>"; };
		78D9A30A1BC4E089009F814D /* Info.plist */ = {isa = PBXFileReference; lastKnownFileType = text.plist.xml; path = Info.plist; sourceTree = "<group>"; };
/* End PBXFileReference section */

/* Begin PBXFrameworksBuildPhase section */
		78D9A2DD1BC4E089009F814D /* Frameworks */ = {
			isa = PBXFrameworksBuildPhase;
			buildActionMask = 2147483647;
			files = (
			);
			runOnlyForDeploymentPostprocessing = 0;
		};
		78D9A2F61BC4E089009F814D /* Frameworks */ = {
			isa = PBXFrameworksBuildPhase;
			buildActionMask = 2147483647;
			files = (
			);
			runOnlyForDeploymentPostprocessing = 0;
		};
		78D9A3011BC4E089009F814D /* Frameworks */ = {
			isa = PBXFrameworksBuildPhase;
			buildActionMask = 2147483647;
			files = (
			);
			runOnlyForDeploymentPostprocessing = 0;
		};
/* End PBXFrameworksBuildPhase section */

/* Begin PBXGroup section */
		78D9A2D71BC4E089009F814D = {
			isa = PBXGroup;
			children = (
				78D9A2E21BC4E089009F814D /* 代购计算器 */,
				78D9A2FC1BC4E089009F814D /* 代购计算器Tests */,
				78D9A3071BC4E089009F814D /* 代购计算器UITests */,
				78D9A2E11BC4E089009F814D /* Products */,
			);
			sourceTree = "<group>";
		};
		78D9A2E11BC4E089009F814D /* Products */ = {
			isa = PBXGroup;
			children = (
				78D9A2E01BC4E089009F814D /* 代购计算器.app */,
				78D9A2F91BC4E089009F814D /* 代购计算器Tests.xctest */,
				78D9A3041BC4E089009F814D /* 代购计算器UITests.xctest */,
			);
			name = Products;
			sourceTree = "<group>";
		};
		78D9A2E21BC4E089009F814D /* 代购计算器 */ = {
			isa = PBXGroup;
			children = (
				78D9A2E61BC4E089009F814D /* AppDelegate.h */,
				78D9A2E71BC4E089009F814D /* AppDelegate.m */,
				78D9A2E91BC4E089009F814D /* ViewController.h */,
				78D9A2EA1BC4E089009F814D /* ViewController.m */,
				78D9A2EC1BC4E089009F814D /* Main.storyboard */,
				78D9A2EF1BC4E089009F814D /* Assets.xcassets */,
				78D9A2F11BC4E089009F814D /* LaunchScreen.storyboard */,
				78D9A2F41BC4E089009F814D /* Info.plist */,
				78D9A2E31BC4E089009F814D /* Supporting Files */,
			);
			path = "代购计算器";
			sourceTree = "<group>";
		};
		78D9A2E31BC4E089009F814D /* Supporting Files */ = {
			isa = PBXGroup;
			children = (
				78D9A2E41BC4E089009F814D /* main.m */,
			);
			name = "Supporting Files";
			sourceTree = "<group>";
		};
		78D9A2FC1BC4E089009F814D /* 代购计算器Tests */ = {
			isa = PBXGroup;
			children = (
				78D9A2FD1BC4E089009F814D /* _____Tests.m */,
				78D9A2FF1BC4E089009F814D /* Info.plist */,
			);
			path = "代购计算器Tests";
			sourceTree = "<group>";
		};
		78D9A3071BC4E089009F814D /* 代购计算器UITests */ = {
			isa = PBXGroup;
			children = (
				78D9A3081BC4E089009F814D /* _____UITests.m */,
				78D9A30A1BC4E089009F814D /* Info.plist */,
			);
			path = "代购计算器UITests";
			sourceTree = "<group>";
		};
/* End PBXGroup section */

/* Begin PBXNativeTarget section */
		78D9A2DF1BC4E089009F814D /* 代购计算器 */ = {
			isa = PBXNativeTarget;
			buildConfigurationList = 78D9A30D1BC4E089009F814D /* Build configuration list for PBXNativeTarget "代购计算器" */;
			buildPhases = (
				78D9A2DC1BC4E089009F814D /* Sources */,
				78D9A2DD1BC4E089009F814D /* Frameworks */,
				78D9A2DE1BC4E089009F814D /* Resources */,
			);
			buildRules = (
			);
			dependencies = (
			);
			name = "代购计算器";
			productName = "代购计算器";
			productReference = 78D9A2E01BC4E089009F814D /* 代购计算器.app */;
			productType = "com.apple.product-type.application";
		};
		78D9A2F81BC4E089009F814D /* 代购计算器Tests */ = {
			isa = PBXNativeTarget;
			buildConfigurationList = 78D9A3101BC4E089009F814D /* Build configuration list for PBXNativeTarget "代购计算器Tests" */;
			buildPhases = (
				78D9A2F51BC4E089009F814D /* Sources */,
				78D9A2F61BC4E089009F814D /* Frameworks */,
				78D9A2F71BC4E089009F814D /* Resources */,
			);
			buildRules = (
			);
			dependencies = (
				78D9A2FB1BC4E089009F814D /* PBXTargetDependency */,
			);
			name = "代购计算器Tests";
			productName = "代购计算器Tests";
			productReference = 78D9A2F91BC4E089009F814D /* 代购计算器Tests.xctest */;
			productType = "com.apple.product-type.bundle.unit-test";
		};
		78D9A3031BC4E089009F814D /* 代购计算器UITests */ = {
			isa = PBXNativeTarget;
			buildConfigurationList = 78D9A3131BC4E089009F814D /* Build configuration list for PBXNativeTarget "代购计算器UITests" */;
			buildPhases = (
				78D9A3001BC4E089009F814D /* Sources */,
				78D9A3011BC4E089009F814D /* Frameworks */,
				78D9A3021BC4E089009F814D /* Resources */,
			);
			buildRules = (
			);
			dependencies = (
				78D9A3061BC4E089009F814D /* PBXTargetDependency */,
			);
			name = "代购计算器UITests";
			productName = "代购计算器UITests";
			productReference = 78D9A3041BC4E089009F814D /* 代购计算器UITests.xctest */;
			productType = "com.apple.product-type.bundle.ui-testing";
		};
/* End PBXNativeTarget section */

/* Begin PBXProject section */
		78D9A2D81BC4E089009F814D /* Project object */ = {
			isa = PBXProject;
			attributes = {
				LastUpgradeCheck = 0700;
				ORGANIZATIONNAME = ZhangYupeng;
				TargetAttributes = {
					78D9A2DF1BC4E089009F814D = {
						CreatedOnToolsVersion = 7.0.1;
					};
					78D9A2F81BC4E089009F814D = {
						CreatedOnToolsVersion = 7.0.1;
						TestTargetID = 78D9A2DF1BC4E089009F814D;
					};
					78D9A3031BC4E089009F814D = {
						CreatedOnToolsVersion = 7.0.1;
						TestTargetID = 78D9A2DF1BC4E089009F814D;
					};
				};
			};
			buildConfigurationList = 78D9A2DB1BC4E089009F814D /* Build configuration list for PBXProject "代购计算器" */;
			compatibilityVersion = "Xcode 3.2";
			developmentRegion = English;
			hasScannedForEncodings = 0;
			knownRegions = (
				en,
				Base,
			);
			mainGroup = 78D9A2D71BC4E089009F814D;
			productRefGroup = 78D9A2E11BC4E089009F814D /* Products */;
			projectDirPath = "";
			projectRoot = "";
			targets = (
				78D9A2DF1BC4E089009F814D /* 代购计算器 */,
				78D9A2F81BC4E089009F814D /* 代购计算器Tests */,
				78D9A3031BC4E089009F814D /* 代购计算器UITests */,
			);
		};
/* End PBXProject section */

/* Begin PBXResourcesBuildPhase section */
		78D9A2DE1BC4E089009F814D /* Resources */ = {
			isa = PBXResourcesBuildPhase;
			buildActionMask = 2147483647;
			files = (
				78D9A2F31BC4E089009F814D /* LaunchScreen.storyboard in Resources */,
				78D9A2F01BC4E089009F814D /* Assets.xcassets in Resources */,
				78D9A2EE1BC4E089009F814D /* Main.storyboard in Resources */,
			);
			runOnlyForDeploymentPostprocessing = 0;
		};
		78D9A2F71BC4E089009F814D /* Resources */ = {
			isa = PBXResourcesBuildPhase;
			buildActionMask = 2147483647;
			files = (
			);
			runOnlyForDeploymentPostprocessing = 0;
		};
		78D9A3021BC4E089009F814D /* Resources */ = {
			isa = PBXResourcesBuildPhase;
			buildActionMask = 2147483647;
			files = (
			);
			runOnlyForDeploymentPostprocessing = 0;
		};
/* End PBXResourcesBuildPhase section */

/* Begin PBXSourcesBuildPhase section */
		78D9A2DC1BC4E089009F814D /* Sources */ = {
			isa = PBXSourcesBuildPhase;
			buildActionMask = 2147483647;
			files = (
				78D9A2EB1BC4E089009F814D /* ViewController.m in Sources */,
				78D9A2E81BC4E089009F814D /* AppDelegate.m in Sources */,
				78D9A2E51BC4E089009F814D /* main.m in Sources */,
			);
			runOnlyForDeploymentPostprocessing = 0;
		};
		78D9A2F51BC4E089009F814D /* Sources */ = {
			isa = PBXSourcesBuildPhase;
			buildActionMask = 2147483647;
			files = (
				78D9A2FE1BC4E089009F814D /* _____Tests.m in Sources */,
			);
			runOnlyForDeploymentPostprocessing = 0;
		};
		78D9A3001BC4E089009F814D /* Sources */ = {
			isa = PBXSourcesBuildPhase;
			buildActionMask = 2147483647;
			files = (
				78D9A3091BC4E089009F814D /* _____UITests.m in Sources */,
			);
			runOnlyForDeploymentPostprocessing = 0;
		};
/* End PBXSourcesBuildPhase section */

/* Begin PBXTargetDependency section */
		78D9A2FB1BC4E089009F814D /* PBXTargetDependency */ = {
			isa = PBXTargetDependency;
			target = 78D9A2DF1BC4E089009F814D /* 代购计算器 */;
			targetProxy = 78D9A2FA1BC4E089009F814D /* PBXContainerItemProxy */;
		};
		78D9A3061BC4E089009F814D /* PBXTargetDependency */ = {
			isa = PBXTargetDependency;
			target = 78D9A2DF1BC4E089009F814D /* 代购计算器 */;
			targetProxy = 78D9A3051BC4E089009F814D /* PBXContainerItemProxy */;
		};
/* End PBXTargetDependency section */

/* Begin PBXVariantGroup section */
		78D9A2EC1BC4E089009F814D /* Main.storyboard */ = {
			isa = PBXVariantGroup;
			children = (
				78D9A2ED1BC4E089009F814D /* Base */,
			);
			name = Main.storyboard;
			sourceTree = "<group>";
		};
		78D9A2F11BC4E089009F814D /* LaunchScreen.storyboard */ = {
			isa = PBXVariantGroup;
			children = (
				78D9A2F21BC4E089009F814D /* Base */,
			);
			name = LaunchScreen.storyboard;
			sourceTree = "<group>";
		};
/* End PBXVariantGroup section */

/* Begin XCBuildConfiguration section */
		78D9A30B1BC4E089009F814D /* Debug */ = {
			isa = XCBuildConfiguration;
			buildSettings = {
				ALWAYS_SEARCH_USER_PATHS = NO;
				CLANG_CXX_LANGUAGE_STANDARD = "gnu++0x";
				CLANG_CXX_LIBRARY = "libc++";
				CLANG_ENABLE_MODULES = YES;
				CLANG_ENABLE_OBJC_ARC = YES;
				CLANG_WARN_BOOL_CONVERSION = YES;
				CLANG_WARN_CONSTANT_CONVERSION = YES;
				CLANG_WARN_DIRECT_OBJC_ISA_USAGE = YES_ERROR;
				CLANG_WARN_EMPTY_BODY = YES;
				CLANG_WARN_ENUM_CONVERSION = YES;
				CLANG_WARN_INT_CONVERSION = YES;
				CLANG_WARN_OBJC_ROOT_CLASS = YES_ERROR;
				CLANG_WARN_UNREACHABLE_CODE = YES;
				CLANG_WARN__DUPLICATE_METHOD_MATCH = YES;
				"CODE_SIGN_IDENTITY[sdk=iphoneos*]" = "iPhone Developer";
				COPY_PHASE_STRIP = NO;
				DEBUG_INFORMATION_FORMAT = dwarf;
				ENABLE_STRICT_OBJC_MSGSEND = YES;
				ENABLE_TESTABILITY = YES;
				GCC_C_LANGUAGE_STANDARD = gnu99;
				GCC_DYNAMIC_NO_PIC = NO;
				GCC_NO_COMMON_BLOCKS = YES;
				GCC_OPTIMIZATION_LEVEL = 0;
				GCC_PREPROCESSOR_DEFINITIONS = (
					"DEBUG=1",
					"$(inherited)",
				);
				GCC_WARN_64_TO_32_BIT_CONVERSION = YES;
				GCC_WARN_ABOUT_RETURN_TYPE = YES_ERROR;
				GCC_WARN_UNDECLARED_SELECTOR = YES;
				GCC_WARN_UNINITIALIZED_AUTOS = YES_AGGRESSIVE;
				GCC_WARN_UNUSED_FUNCTION = YES;
				GCC_WARN_UNUSED_VARIABLE = YES;
				IPHONEOS_DEPLOYMENT_TARGET = 9.0;
				MTL_ENABLE_DEBUG_INFO = YES;
				ONLY_ACTIVE_ARCH = YES;
				SDKROOT = iphoneos;
				TARGETED_DEVICE_FAMILY = "1,2";
			};
			name = Debug;
		};
		78D9A30C1BC4E089009F814D /* Release */ = {
			isa = XCBuildConfiguration;
			buildSettings = {
				ALWAYS_SEARCH_USER_PATHS = NO;
				CLANG_CXX_LANGUAGE_STANDARD = "gnu++0x";
				CLANG_CXX_LIBRARY = "libc++";
				CLANG_ENABLE_MODULES = YES;
				CLANG_ENABLE_OBJC_ARC = YES;
				CLANG_WARN_BOOL_CONVERSION = YES;
				CLANG_WARN_CONSTANT_CONVERSION = YES;
				CLANG_WARN_DIRECT_OBJC_ISA_USAGE = YES_ERROR;
				CLANG_WARN_EMPTY_BODY = YES;
				CLANG_WARN_ENUM_CONVERSION = YES;
				CLANG_WARN_INT_CONVERSION = YES;
				CLANG_WARN_OBJC_ROOT_CLASS = YES_ERROR;
				CLANG_WARN_UNREACHABLE_CODE = YES;
				CLANG_WARN__DUPLICATE_METHOD_MATCH = YES;
				"CODE_SIGN_IDENTITY[sdk=iphoneos*]" = "iPhone Developer";
				COPY_PHASE_STRIP = NO;
				DEBUG_INFORMATION_FORMAT = "dwarf-with-dsym";
				ENABLE_NS_ASSERTIONS = NO;
				ENABLE_STRICT_OBJC_MSGSEND = YES;
				GCC_C_LANGUAGE_STANDARD = gnu99;
				GCC_NO_COMMON_BLOCKS = YES;
				GCC_WARN_64_TO_32_BIT_CONVERSION = YES;
				GCC_WARN_ABOUT_RETURN_TYPE = YES_ERROR;
				GCC_WARN_UNDECLARED_SELECTOR = YES;
				GCC_WARN_UNINITIALIZED_AUTOS = YES_AGGRESSIVE;
				GCC_WARN_UNUSED_FUNCTION = YES;
				GCC_WARN_UNUSED_VARIABLE = YES;
				IPHONEOS_DEPLOYMENT_TARGET = 9.0;
				MTL_ENABLE_DEBUG_INFO = NO;
				SDKROOT = iphoneos;
				TARGETED_DEVICE_FAMILY = "1,2";
				VALIDATE_PRODUCT = YES;
			};
			name = Release;
		};
		78D9A30E1BC4E089009F814D /* Debug */ = {
			isa = XCBuildConfiguration;
			buildSettings = {
				ASSETCATALOG_COMPILER_APPICON_NAME = AppIcon;
				INFOPLIST_FILE = "代购计算器/Info.plist";
				LD_RUNPATH_SEARCH_PATHS = "$(inherited) @executable_path/Frameworks";
				PRODUCT_BUNDLE_IDENTIFIER = "com.example.-----";
				PRODUCT_NAME = "$(TARGET_NAME)";
			};
			name = Debug;
		};
		78D9A30F1BC4E089009F814D /* Release */ = {
			isa = XCBuildConfiguration;
			buildSettings = {
				ASSETCATALOG_COMPILER_APPICON_NAME = AppIcon;
				INFOPLIST_FILE = "代购计算器/Info.plist";
				LD_RUNPATH_SEARCH_PATHS = "$(inherited) @executable_path/Frameworks";
				PRODUCT_BUNDLE_IDENTIFIER = "com.example.-----";
				PRODUCT_NAME = "$(TARGET_NAME)";
			};
			name = Release;
		};
		78D9A3111BC4E089009F814D /* Debug */ = {
			isa = XCBuildConfiguration;
			buildSettings = {
				BUNDLE_LOADER = "$(TEST_HOST)";
				INFOPLIST_FILE = "代购计算器Tests/Info.plist";
				LD_RUNPATH_SEARCH_PATHS = "$(inherited) @executable_path/Frameworks @loader_path/Frameworks";
				PRODUCT_BUNDLE_IDENTIFIER = "com.example.-----Tests";
				PRODUCT_NAME = "$(TARGET_NAME)";
				TEST_HOST = "$(BUILT_PRODUCTS_DIR)/代购计算器.app/代购计算器";
			};
			name = Debug;
		};
		78D9A3121BC4E089009F814D /* Release */ = {
			isa = XCBuildConfiguration;
			buildSettings = {
				BUNDLE_LOADER = "$(TEST_HOST)";
				INFOPLIST_FILE = "代购计算器Tests/Info.plist";
				LD_RUNPATH_SEARCH_PATHS = "$(inherited) @executable_path/Frameworks @loader_path/Frameworks";
				PRODUCT_BUNDLE_IDENTIFIER = "com.example.-----Tests";
				PRODUCT_NAME = "$(TARGET_NAME)";
				TEST_HOST = "$(BUILT_PRODUCTS_DIR)/代购计算器.app/代购计算器";
			};
			name = Release;
		};
		78D9A3141BC4E089009F814D /* Debug */ = {
			isa = XCBuildConfiguration;
			buildSettings = {
				INFOPLIST_FILE = "代购计算器UITests/Info.plist";
				LD_RUNPATH_SEARCH_PATHS = "$(inherited) @executable_path/Frameworks @loader_path/Frameworks";
				PRODUCT_BUNDLE_IDENTIFIER = "com.example.-----UITests";
				PRODUCT_NAME = "$(TARGET_NAME)";
				TEST_TARGET_NAME = "代购计算器";
				USES_XCTRUNNER = YES;
			};
			name = Debug;
		};
		78D9A3151BC4E089009F814D /* Release */ = {
			isa = XCBuildConfiguration;
			buildSettings = {
				INFOPLIST_FILE = "代购计算器UITests/Info.plist";
				LD_RUNPATH_SEARCH_PATHS = "$(inherited) @executable_path/Frameworks @loader_path/Frameworks";
				PRODUCT_BUNDLE_IDENTIFIER = "com.example.-----UITests";
				PRODUCT_NAME = "$(TARGET_NAME)";
				TEST_TARGET_NAME = "代购计算器";
				USES_XCTRUNNER = YES;
			};
			name = Release;
		};
/* End XCBuildConfiguration section */

/* Begin XCConfigurationList section */
		78D9A2DB1BC4E089009F814D /* Build configuration list for PBXProject "代购计算器" */ = {
			isa = XCConfigurationList;
			buildConfigurations = (
				78D9A30B1BC4E089009F814D /* Debug */,
				78D9A30C1BC4E089009F814D /* Release */,
			);
			defaultConfigurationIsVisible = 0;
			defaultConfigurationName = Release;
		};
		78D9A30D1BC4E089009F814D /* Build configuration list for PBXNativeTarget "代购计算器" */ = {
			isa = XCConfigurationList;
			buildConfigurations = (
				78D9A30E1BC4E089009F814D /* Debug */,
				78D9A30F1BC4E089009F814D /* Release */,
			);
			defaultConfigurationIsVisible = 0;
		};
		78D9A3101BC4E089009F814D /* Build configuration list for PBXNativeTarget "代购计算器Tests" */ = {
			isa = XCConfigurationList;
			buildConfigurations = (
				78D9A3111BC4E089009F814D /* Debug */,
				78D9A3121BC4E089009F814D /* Release */,
			);
			defaultConfigurationIsVisible = 0;
		};
		78D9A3131BC4E089009F814D /* Build configuration list for PBXNativeTarget "代购计算器UITests" */ = {
			isa = XCConfigurationList;
			buildConfigurations = (
				78D9A3141BC4E089009F814D /* Debug */,
				78D9A3151BC4E089009F814D /* Release */,
			);
			defaultConfigurationIsVisible = 0;
		};
/* End XCConfigurationList section */
	};
	rootObject = 78D9A2D81BC4E089009F814D /* Project object */;
}
